
Microsoft Visual Studio Solution File, Format Version 12.00
# Visual Studio 15
VisualStudioVersion = 15.0.27428.2037
MinimumVisualStudioVersion = 10.0.40219.1
Project("{FAE04EC0-301F-11D3-BF4B-00C04F79EFBC}") = "Balança", "Balança\Balança.csproj", "{68EC0B4B-7FB7-499C-8275-435A5E2CB6BC}"
EndProject
Project("{7CF6DF6D-3B04-46F8-A40B-537D21BCA0B4}") = "Documentacio", "Documentacio\Documentacio.shfbproj", "{C5ECED03-2AE4-42FD-A7C3-350DDD5C8C02}"
EndProject
Global
	GlobalSection(SolutionConfigurationPlatforms) = preSolution
		Debug|Any CPU = Debug|Any CPU
		Release|Any CPU = Release|Any CPU
	EndGlobalSection
	GlobalSection(ProjectConfigurationPlatforms) = postSolution
		{68EC0B4B-7FB7-499C-8275-435A5E2CB6BC}.Debug|Any CPU.ActiveCfg = Debug|Any CPU
		{68EC0B4B-7FB7-499C-8275-435A5E2CB6BC}.Debug|Any CPU.Build.0 = Debug|Any CPU
		{68EC0B4B-7FB7-499C-8275-435A5E2CB6BC}.Release|Any CPU.ActiveCfg = Release|Any CPU
		{68EC0B4B-7FB7-499C-8275-435A5E2CB6BC}.Release|Any CPU.Build.0 = Release|Any CPU
		{C5ECED03-2AE4-42FD-A7C3-350DDD5C8C02}.Debug|Any CPU.ActiveCfg = Debug|Any CPU
		{C5ECED03-2AE4-42FD-A7C3-350DDD5C8C02}.Debug|Any CPU.Build.0 = Debug|Any CPU
		{C5ECED03-2AE4-42FD-A7C3-350DDD5C8C02}.Release|Any CPU.ActiveCfg = Release|Any CPU
		{C5ECED03-2AE4-42FD-A7C3-350DDD5C8C02}.Release|Any CPU.Build.0 = Release|Any CPU
	EndGlobalSection
	GlobalSection(SolutionProperties) = preSolution
		HideSolutionNode = FALSE
	EndGlobalSection
	GlobalSection(ExtensibilityGlobals) = postSolution
		SolutionGuid = {B7641ADC-994E-4E87-86B3-6F1236A428C4}
	EndGlobalSection
EndGlobal
