
Microsoft Visual Studio Solution File, Format Version 12.00
# Visual Studio 15
VisualStudioVersion = 15.0.27004.2005
MinimumVisualStudioVersion = 10.0.40219.1
Project("{FAE04EC0-301F-11D3-BF4B-00C04F79EFBC}") = "CustomControl", "CustomControl\CustomControl.csproj", "{A7279E0E-D844-4CC7-99DA-9939EAA74818}"
EndProject
Project("{FAE04EC0-301F-11D3-BF4B-00C04F79EFBC}") = "BaseForm", "BaseForm\BaseForm.csproj", "{CF89EA7D-D834-4CB1-8888-E9C0FB24EE7F}"
EndProject
Project("{FAE04EC0-301F-11D3-BF4B-00C04F79EFBC}") = "Principal", "Principal\Principal.csproj", "{26B61D57-E320-4EBB-907A-0659D07D8F10}"
EndProject
Project("{FAE04EC0-301F-11D3-BF4B-00C04F79EFBC}") = "Template", "Template\Template.csproj", "{5377DA58-E5E8-456D-AC68-D7BBE6ECE0E8}"
EndProject
Project("{FAE04EC0-301F-11D3-BF4B-00C04F79EFBC}") = "ConexioBBDD", "ConexioBBDD\ConexioBBDD.csproj", "{384145E7-5B9B-43CB-92B0-D8BE9B92FDE8}"
EndProject
Global
	GlobalSection(SolutionConfigurationPlatforms) = preSolution
		Debug|Any CPU = Debug|Any CPU
		Debug|ARM = Debug|ARM
		Debug|x64 = Debug|x64
		Debug|x86 = Debug|x86
		Release|Any CPU = Release|Any CPU
		Release|ARM = Release|ARM
		Release|x64 = Release|x64
		Release|x86 = Release|x86
	EndGlobalSection
	GlobalSection(ProjectConfigurationPlatforms) = postSolution
		{A7279E0E-D844-4CC7-99DA-9939EAA74818}.Debug|Any CPU.ActiveCfg = Debug|Any CPU
		{A7279E0E-D844-4CC7-99DA-9939EAA74818}.Debug|Any CPU.Build.0 = Debug|Any CPU
		{A7279E0E-D844-4CC7-99DA-9939EAA74818}.Debug|ARM.ActiveCfg = Debug|Any CPU
		{A7279E0E-D844-4CC7-99DA-9939EAA74818}.Debug|ARM.Build.0 = Debug|Any CPU
		{A7279E0E-D844-4CC7-99DA-9939EAA74818}.Debug|x64.ActiveCfg = Debug|Any CPU
		{A7279E0E-D844-4CC7-99DA-9939EAA74818}.Debug|x64.Build.0 = Debug|Any CPU
		{A7279E0E-D844-4CC7-99DA-9939EAA74818}.Debug|x86.ActiveCfg = Debug|Any CPU
		{A7279E0E-D844-4CC7-99DA-9939EAA74818}.Debug|x86.Build.0 = Debug|Any CPU
		{A7279E0E-D844-4CC7-99DA-9939EAA74818}.Release|Any CPU.ActiveCfg = Release|Any CPU
		{A7279E0E-D844-4CC7-99DA-9939EAA74818}.Release|Any CPU.Build.0 = Release|Any CPU
		{A7279E0E-D844-4CC7-99DA-9939EAA74818}.Release|ARM.ActiveCfg = Release|Any CPU
		{A7279E0E-D844-4CC7-99DA-9939EAA74818}.Release|ARM.Build.0 = Release|Any CPU
		{A7279E0E-D844-4CC7-99DA-9939EAA74818}.Release|x64.ActiveCfg = Release|Any CPU
		{A7279E0E-D844-4CC7-99DA-9939EAA74818}.Release|x64.Build.0 = Release|Any CPU
		{A7279E0E-D844-4CC7-99DA-9939EAA74818}.Release|x86.ActiveCfg = Release|Any CPU
		{A7279E0E-D844-4CC7-99DA-9939EAA74818}.Release|x86.Build.0 = Release|Any CPU
		{CF89EA7D-D834-4CB1-8888-E9C0FB24EE7F}.Debug|Any CPU.ActiveCfg = Debug|Any CPU
		{CF89EA7D-D834-4CB1-8888-E9C0FB24EE7F}.Debug|Any CPU.Build.0 = Debug|Any CPU
		{CF89EA7D-D834-4CB1-8888-E9C0FB24EE7F}.Debug|ARM.ActiveCfg = Debug|Any CPU
		{CF89EA7D-D834-4CB1-8888-E9C0FB24EE7F}.Debug|ARM.Build.0 = Debug|Any CPU
		{CF89EA7D-D834-4CB1-8888-E9C0FB24EE7F}.Debug|x64.ActiveCfg = Debug|Any CPU
		{CF89EA7D-D834-4CB1-8888-E9C0FB24EE7F}.Debug|x64.Build.0 = Debug|Any CPU
		{CF89EA7D-D834-4CB1-8888-E9C0FB24EE7F}.Debug|x86.ActiveCfg = Debug|Any CPU
		{CF89EA7D-D834-4CB1-8888-E9C0FB24EE7F}.Debug|x86.Build.0 = Debug|Any CPU
		{CF89EA7D-D834-4CB1-8888-E9C0FB24EE7F}.Release|Any CPU.ActiveCfg = Release|Any CPU
		{CF89EA7D-D834-4CB1-8888-E9C0FB24EE7F}.Release|Any CPU.Build.0 = Release|Any CPU
		{CF89EA7D-D834-4CB1-8888-E9C0FB24EE7F}.Release|ARM.ActiveCfg = Release|Any CPU
		{CF89EA7D-D834-4CB1-8888-E9C0FB24EE7F}.Release|ARM.Build.0 = Release|Any CPU
		{CF89EA7D-D834-4CB1-8888-E9C0FB24EE7F}.Release|x64.ActiveCfg = Release|Any CPU
		{CF89EA7D-D834-4CB1-8888-E9C0FB24EE7F}.Release|x64.Build.0 = Release|Any CPU
		{CF89EA7D-D834-4CB1-8888-E9C0FB24EE7F}.Release|x86.ActiveCfg = Release|Any CPU
		{CF89EA7D-D834-4CB1-8888-E9C0FB24EE7F}.Release|x86.Build.0 = Release|Any CPU
		{26B61D57-E320-4EBB-907A-0659D07D8F10}.Debug|Any CPU.ActiveCfg = Debug|Any CPU
		{26B61D57-E320-4EBB-907A-0659D07D8F10}.Debug|Any CPU.Build.0 = Debug|Any CPU
		{26B61D57-E320-4EBB-907A-0659D07D8F10}.Debug|ARM.ActiveCfg = Debug|Any CPU
		{26B61D57-E320-4EBB-907A-0659D07D8F10}.Debug|ARM.Build.0 = Debug|Any CPU
		{26B61D57-E320-4EBB-907A-0659D07D8F10}.Debug|x64.ActiveCfg = Debug|Any CPU
		{26B61D57-E320-4EBB-907A-0659D07D8F10}.Debug|x64.Build.0 = Debug|Any CPU
		{26B61D57-E320-4EBB-907A-0659D07D8F10}.Debug|x86.ActiveCfg = Debug|Any CPU
		{26B61D57-E320-4EBB-907A-0659D07D8F10}.Debug|x86.Build.0 = Debug|Any CPU
		{26B61D57-E320-4EBB-907A-0659D07D8F10}.Release|Any CPU.ActiveCfg = Release|Any CPU
		{26B61D57-E320-4EBB-907A-0659D07D8F10}.Release|Any CPU.Build.0 = Release|Any CPU
		{26B61D57-E320-4EBB-907A-0659D07D8F10}.Release|ARM.ActiveCfg = Release|Any CPU
		{26B61D57-E320-4EBB-907A-0659D07D8F10}.Release|ARM.Build.0 = Release|Any CPU
		{26B61D57-E320-4EBB-907A-0659D07D8F10}.Release|x64.ActiveCfg = Release|Any CPU
		{26B61D57-E320-4EBB-907A-0659D07D8F10}.Release|x64.Build.0 = Release|Any CPU
		{26B61D57-E320-4EBB-907A-0659D07D8F10}.Release|x86.ActiveCfg = Release|Any CPU
		{26B61D57-E320-4EBB-907A-0659D07D8F10}.Release|x86.Build.0 = Release|Any CPU
		{5377DA58-E5E8-456D-AC68-D7BBE6ECE0E8}.Debug|Any CPU.ActiveCfg = Debug|Any CPU
		{5377DA58-E5E8-456D-AC68-D7BBE6ECE0E8}.Debug|Any CPU.Build.0 = Debug|Any CPU
		{5377DA58-E5E8-456D-AC68-D7BBE6ECE0E8}.Debug|ARM.ActiveCfg = Debug|Any CPU
		{5377DA58-E5E8-456D-AC68-D7BBE6ECE0E8}.Debug|ARM.Build.0 = Debug|Any CPU
		{5377DA58-E5E8-456D-AC68-D7BBE6ECE0E8}.Debug|x64.ActiveCfg = Debug|Any CPU
		{5377DA58-E5E8-456D-AC68-D7BBE6ECE0E8}.Debug|x64.Build.0 = Debug|Any CPU
		{5377DA58-E5E8-456D-AC68-D7BBE6ECE0E8}.Debug|x86.ActiveCfg = Debug|Any CPU
		{5377DA58-E5E8-456D-AC68-D7BBE6ECE0E8}.Debug|x86.Build.0 = Debug|Any CPU
		{5377DA58-E5E8-456D-AC68-D7BBE6ECE0E8}.Release|Any CPU.ActiveCfg = Release|Any CPU
		{5377DA58-E5E8-456D-AC68-D7BBE6ECE0E8}.Release|Any CPU.Build.0 = Release|Any CPU
		{5377DA58-E5E8-456D-AC68-D7BBE6ECE0E8}.Release|ARM.ActiveCfg = Release|Any CPU
		{5377DA58-E5E8-456D-AC68-D7BBE6ECE0E8}.Release|ARM.Build.0 = Release|Any CPU
		{5377DA58-E5E8-456D-AC68-D7BBE6ECE0E8}.Release|x64.ActiveCfg = Release|Any CPU
		{5377DA58-E5E8-456D-AC68-D7BBE6ECE0E8}.Release|x64.Build.0 = Release|Any CPU
		{5377DA58-E5E8-456D-AC68-D7BBE6ECE0E8}.Release|x86.ActiveCfg = Release|Any CPU
		{5377DA58-E5E8-456D-AC68-D7BBE6ECE0E8}.Release|x86.Build.0 = Release|Any CPU
		{384145E7-5B9B-43CB-92B0-D8BE9B92FDE8}.Debug|Any CPU.ActiveCfg = Debug|Any CPU
		{384145E7-5B9B-43CB-92B0-D8BE9B92FDE8}.Debug|Any CPU.Build.0 = Debug|Any CPU
		{384145E7-5B9B-43CB-92B0-D8BE9B92FDE8}.Debug|ARM.ActiveCfg = Debug|Any CPU
		{384145E7-5B9B-43CB-92B0-D8BE9B92FDE8}.Debug|ARM.Build.0 = Debug|Any CPU
		{384145E7-5B9B-43CB-92B0-D8BE9B92FDE8}.Debug|x64.ActiveCfg = Debug|Any CPU
		{384145E7-5B9B-43CB-92B0-D8BE9B92FDE8}.Debug|x64.Build.0 = Debug|Any CPU
		{384145E7-5B9B-43CB-92B0-D8BE9B92FDE8}.Debug|x86.ActiveCfg = Debug|Any CPU
		{384145E7-5B9B-43CB-92B0-D8BE9B92FDE8}.Debug|x86.Build.0 = Debug|Any CPU
		{384145E7-5B9B-43CB-92B0-D8BE9B92FDE8}.Release|Any CPU.ActiveCfg = Release|Any CPU
		{384145E7-5B9B-43CB-92B0-D8BE9B92FDE8}.Release|Any CPU.Build.0 = Release|Any CPU
		{384145E7-5B9B-43CB-92B0-D8BE9B92FDE8}.Release|ARM.ActiveCfg = Release|Any CPU
		{384145E7-5B9B-43CB-92B0-D8BE9B92FDE8}.Release|ARM.Build.0 = Release|Any CPU
		{384145E7-5B9B-43CB-92B0-D8BE9B92FDE8}.Release|x64.ActiveCfg = Release|Any CPU
		{384145E7-5B9B-43CB-92B0-D8BE9B92FDE8}.Release|x64.Build.0 = Release|Any CPU
		{384145E7-5B9B-43CB-92B0-D8BE9B92FDE8}.Release|x86.ActiveCfg = Release|Any CPU
		{384145E7-5B9B-43CB-92B0-D8BE9B92FDE8}.Release|x86.Build.0 = Release|Any CPU
	EndGlobalSection
	GlobalSection(SolutionProperties) = preSolution
		HideSolutionNode = FALSE
	EndGlobalSection
	GlobalSection(ExtensibilityGlobals) = postSolution
		SolutionGuid = {4940F4EB-4773-468B-9FEA-026ABC3774AC}
	EndGlobalSection
EndGlobal
