
Microsoft Visual Studio Solution File, Format Version 12.00
# Visual Studio 15
VisualStudioVersion = 15.0.27004.2005
MinimumVisualStudioVersion = 10.0.40219.1
Project("{FAE04EC0-301F-11D3-BF4B-00C04F79EFBC}") = "CustomControl", "CustomControl\CustomControl.csproj", "{A7279E0E-D844-4CC7-99DA-9939EAA74818}"
EndProject
Project("{FAE04EC0-301F-11D3-BF4B-00C04F79EFBC}") = "BaseForm", "BaseForm\BaseForm.csproj", "{CF89EA7D-D834-4CB1-8888-E9C0FB24EE7F}"
EndProject
Project("{FAE04EC0-301F-11D3-BF4B-00C04F79EFBC}") = "Template", "Template\Template.csproj", "{5377DA58-E5E8-456D-AC68-D7BBE6ECE0E8}"
EndProject
Project("{FAE04EC0-301F-11D3-BF4B-00C04F79EFBC}") = "ConexioBBDD", "ConexioBBDD\ConexioBBDD.csproj", "{384145E7-5B9B-43CB-92B0-D8BE9B92FDE8}"
EndProject
Project("{FAE04EC0-301F-11D3-BF4B-00C04F79EFBC}") = "MenuPrincipal", "MenuPrincipal\MenuPrincipal.csproj", "{A7C126AF-3EA6-4766-BBBA-832F69B04982}"
EndProject
Project("{FAE04EC0-301F-11D3-BF4B-00C04F79EFBC}") = "MantenimentUsuaris", "MantenimentUsuaris\MantenimentUsuaris.csproj", "{8C221AFB-FBE1-4A6A-8626-C98B8960A54A}"
EndProject
Project("{FAE04EC0-301F-11D3-BF4B-00C04F79EFBC}") = "ComunitatsAutonomes", "ComunitatsAutonomes\ComunitatsAutonomes.csproj", "{F8A4404F-1B65-4517-885C-416AB6074596}"
EndProject
Project("{FAE04EC0-301F-11D3-BF4B-00C04F79EFBC}") = "EstatInspeccio", "EstatInspeccio\EstatInspeccio.csproj", "{DB9B3D0E-03E3-4757-912D-6687B9399C6A}"
EndProject
Project("{FAE04EC0-301F-11D3-BF4B-00C04F79EFBC}") = "Paisos", "Paisos\Paisos.csproj", "{67E0B030-F54A-4355-97B3-34464FB55E9F}"
EndProject
Project("{FAE04EC0-301F-11D3-BF4B-00C04F79EFBC}") = "TipusD'explotacio", "Tipus d'explotacio\TipusD'explotacio.csproj", "{B58FE275-CD33-41BE-8BC2-A09BB97E03CC}"
EndProject
Project("{FAE04EC0-301F-11D3-BF4B-00C04F79EFBC}") = "SituacioExplotacio", "SituacioExplotacio\SituacioExplotacio.csproj", "{A0981491-3AD4-44F3-A371-400E82366B46}"
EndProject
Project("{FAE04EC0-301F-11D3-BF4B-00C04F79EFBC}") = "SistemesAtordiment", "SistemesAtordiment\SistemesAtordiment.csproj", "{6985312A-B116-4461-BA62-10CFBB440731}"
EndProject
Project("{FAE04EC0-301F-11D3-BF4B-00C04F79EFBC}") = "EstatProcesRefrigeracio", "EstatProcesRefrigeracio\EstatProcesRefrigeracio.csproj", "{D9565DB0-A4E6-449B-A5A7-31D01E7CB34C}"
EndProject
Project("{FAE04EC0-301F-11D3-BF4B-00C04F79EFBC}") = "EstatProcesEnvasat", "EstatProcesEnvasat\EstatProcesEnvasat.csproj", "{D6EADDBF-54C9-446E-9E4C-22BADE6D74A2}"
EndProject
Project("{FAE04EC0-301F-11D3-BF4B-00C04F79EFBC}") = "ComptadorsLotsMes", "ComptadorsLotsMs\ComptadorsLotsMes.csproj", "{11FD1D45-8920-4E99-A2F3-DE059F2BB017}"
EndProject
Project("{FAE04EC0-301F-11D3-BF4B-00C04F79EFBC}") = "Referencies", "Referencies\Referencies.csproj", "{DE48C2D8-FBAC-479A-BF61-89343E7033EA}"
EndProject
Global
	GlobalSection(SolutionConfigurationPlatforms) = preSolution
		Debug|Any CPU = Debug|Any CPU
		Debug|ARM = Debug|ARM
		Debug|x64 = Debug|x64
		Debug|x86 = Debug|x86
		Release|Any CPU = Release|Any CPU
		Release|ARM = Release|ARM
		Release|x64 = Release|x64
		Release|x86 = Release|x86
	EndGlobalSection
	GlobalSection(ProjectConfigurationPlatforms) = postSolution
		{A7279E0E-D844-4CC7-99DA-9939EAA74818}.Debug|Any CPU.ActiveCfg = Debug|Any CPU
		{A7279E0E-D844-4CC7-99DA-9939EAA74818}.Debug|Any CPU.Build.0 = Debug|Any CPU
		{A7279E0E-D844-4CC7-99DA-9939EAA74818}.Debug|ARM.ActiveCfg = Debug|Any CPU
		{A7279E0E-D844-4CC7-99DA-9939EAA74818}.Debug|ARM.Build.0 = Debug|Any CPU
		{A7279E0E-D844-4CC7-99DA-9939EAA74818}.Debug|x64.ActiveCfg = Debug|Any CPU
		{A7279E0E-D844-4CC7-99DA-9939EAA74818}.Debug|x64.Build.0 = Debug|Any CPU
		{A7279E0E-D844-4CC7-99DA-9939EAA74818}.Debug|x86.ActiveCfg = Debug|Any CPU
		{A7279E0E-D844-4CC7-99DA-9939EAA74818}.Debug|x86.Build.0 = Debug|Any CPU
		{A7279E0E-D844-4CC7-99DA-9939EAA74818}.Release|Any CPU.ActiveCfg = Release|Any CPU
		{A7279E0E-D844-4CC7-99DA-9939EAA74818}.Release|Any CPU.Build.0 = Release|Any CPU
		{A7279E0E-D844-4CC7-99DA-9939EAA74818}.Release|ARM.ActiveCfg = Release|Any CPU
		{A7279E0E-D844-4CC7-99DA-9939EAA74818}.Release|ARM.Build.0 = Release|Any CPU
		{A7279E0E-D844-4CC7-99DA-9939EAA74818}.Release|x64.ActiveCfg = Release|Any CPU
		{A7279E0E-D844-4CC7-99DA-9939EAA74818}.Release|x64.Build.0 = Release|Any CPU
		{A7279E0E-D844-4CC7-99DA-9939EAA74818}.Release|x86.ActiveCfg = Release|Any CPU
		{A7279E0E-D844-4CC7-99DA-9939EAA74818}.Release|x86.Build.0 = Release|Any CPU
		{CF89EA7D-D834-4CB1-8888-E9C0FB24EE7F}.Debug|Any CPU.ActiveCfg = Debug|Any CPU
		{CF89EA7D-D834-4CB1-8888-E9C0FB24EE7F}.Debug|Any CPU.Build.0 = Debug|Any CPU
		{CF89EA7D-D834-4CB1-8888-E9C0FB24EE7F}.Debug|ARM.ActiveCfg = Debug|Any CPU
		{CF89EA7D-D834-4CB1-8888-E9C0FB24EE7F}.Debug|ARM.Build.0 = Debug|Any CPU
		{CF89EA7D-D834-4CB1-8888-E9C0FB24EE7F}.Debug|x64.ActiveCfg = Debug|Any CPU
		{CF89EA7D-D834-4CB1-8888-E9C0FB24EE7F}.Debug|x64.Build.0 = Debug|Any CPU
		{CF89EA7D-D834-4CB1-8888-E9C0FB24EE7F}.Debug|x86.ActiveCfg = Debug|Any CPU
		{CF89EA7D-D834-4CB1-8888-E9C0FB24EE7F}.Debug|x86.Build.0 = Debug|Any CPU
		{CF89EA7D-D834-4CB1-8888-E9C0FB24EE7F}.Release|Any CPU.ActiveCfg = Release|Any CPU
		{CF89EA7D-D834-4CB1-8888-E9C0FB24EE7F}.Release|Any CPU.Build.0 = Release|Any CPU
		{CF89EA7D-D834-4CB1-8888-E9C0FB24EE7F}.Release|ARM.ActiveCfg = Release|Any CPU
		{CF89EA7D-D834-4CB1-8888-E9C0FB24EE7F}.Release|ARM.Build.0 = Release|Any CPU
		{CF89EA7D-D834-4CB1-8888-E9C0FB24EE7F}.Release|x64.ActiveCfg = Release|Any CPU
		{CF89EA7D-D834-4CB1-8888-E9C0FB24EE7F}.Release|x64.Build.0 = Release|Any CPU
		{CF89EA7D-D834-4CB1-8888-E9C0FB24EE7F}.Release|x86.ActiveCfg = Release|Any CPU
		{CF89EA7D-D834-4CB1-8888-E9C0FB24EE7F}.Release|x86.Build.0 = Release|Any CPU
		{5377DA58-E5E8-456D-AC68-D7BBE6ECE0E8}.Debug|Any CPU.ActiveCfg = Debug|Any CPU
		{5377DA58-E5E8-456D-AC68-D7BBE6ECE0E8}.Debug|Any CPU.Build.0 = Debug|Any CPU
		{5377DA58-E5E8-456D-AC68-D7BBE6ECE0E8}.Debug|ARM.ActiveCfg = Debug|Any CPU
		{5377DA58-E5E8-456D-AC68-D7BBE6ECE0E8}.Debug|ARM.Build.0 = Debug|Any CPU
		{5377DA58-E5E8-456D-AC68-D7BBE6ECE0E8}.Debug|x64.ActiveCfg = Debug|Any CPU
		{5377DA58-E5E8-456D-AC68-D7BBE6ECE0E8}.Debug|x64.Build.0 = Debug|Any CPU
		{5377DA58-E5E8-456D-AC68-D7BBE6ECE0E8}.Debug|x86.ActiveCfg = Debug|Any CPU
		{5377DA58-E5E8-456D-AC68-D7BBE6ECE0E8}.Debug|x86.Build.0 = Debug|Any CPU
		{5377DA58-E5E8-456D-AC68-D7BBE6ECE0E8}.Release|Any CPU.ActiveCfg = Release|Any CPU
		{5377DA58-E5E8-456D-AC68-D7BBE6ECE0E8}.Release|Any CPU.Build.0 = Release|Any CPU
		{5377DA58-E5E8-456D-AC68-D7BBE6ECE0E8}.Release|ARM.ActiveCfg = Release|Any CPU
		{5377DA58-E5E8-456D-AC68-D7BBE6ECE0E8}.Release|ARM.Build.0 = Release|Any CPU
		{5377DA58-E5E8-456D-AC68-D7BBE6ECE0E8}.Release|x64.ActiveCfg = Release|Any CPU
		{5377DA58-E5E8-456D-AC68-D7BBE6ECE0E8}.Release|x64.Build.0 = Release|Any CPU
		{5377DA58-E5E8-456D-AC68-D7BBE6ECE0E8}.Release|x86.ActiveCfg = Release|Any CPU
		{5377DA58-E5E8-456D-AC68-D7BBE6ECE0E8}.Release|x86.Build.0 = Release|Any CPU
		{384145E7-5B9B-43CB-92B0-D8BE9B92FDE8}.Debug|Any CPU.ActiveCfg = Debug|Any CPU
		{384145E7-5B9B-43CB-92B0-D8BE9B92FDE8}.Debug|Any CPU.Build.0 = Debug|Any CPU
		{384145E7-5B9B-43CB-92B0-D8BE9B92FDE8}.Debug|ARM.ActiveCfg = Debug|Any CPU
		{384145E7-5B9B-43CB-92B0-D8BE9B92FDE8}.Debug|ARM.Build.0 = Debug|Any CPU
		{384145E7-5B9B-43CB-92B0-D8BE9B92FDE8}.Debug|x64.ActiveCfg = Debug|Any CPU
		{384145E7-5B9B-43CB-92B0-D8BE9B92FDE8}.Debug|x64.Build.0 = Debug|Any CPU
		{384145E7-5B9B-43CB-92B0-D8BE9B92FDE8}.Debug|x86.ActiveCfg = Debug|Any CPU
		{384145E7-5B9B-43CB-92B0-D8BE9B92FDE8}.Debug|x86.Build.0 = Debug|Any CPU
		{384145E7-5B9B-43CB-92B0-D8BE9B92FDE8}.Release|Any CPU.ActiveCfg = Release|Any CPU
		{384145E7-5B9B-43CB-92B0-D8BE9B92FDE8}.Release|Any CPU.Build.0 = Release|Any CPU
		{384145E7-5B9B-43CB-92B0-D8BE9B92FDE8}.Release|ARM.ActiveCfg = Release|Any CPU
		{384145E7-5B9B-43CB-92B0-D8BE9B92FDE8}.Release|ARM.Build.0 = Release|Any CPU
		{384145E7-5B9B-43CB-92B0-D8BE9B92FDE8}.Release|x64.ActiveCfg = Release|Any CPU
		{384145E7-5B9B-43CB-92B0-D8BE9B92FDE8}.Release|x64.Build.0 = Release|Any CPU
		{384145E7-5B9B-43CB-92B0-D8BE9B92FDE8}.Release|x86.ActiveCfg = Release|Any CPU
		{384145E7-5B9B-43CB-92B0-D8BE9B92FDE8}.Release|x86.Build.0 = Release|Any CPU
		{A7C126AF-3EA6-4766-BBBA-832F69B04982}.Debug|Any CPU.ActiveCfg = Debug|Any CPU
		{A7C126AF-3EA6-4766-BBBA-832F69B04982}.Debug|Any CPU.Build.0 = Debug|Any CPU
		{A7C126AF-3EA6-4766-BBBA-832F69B04982}.Debug|ARM.ActiveCfg = Debug|Any CPU
		{A7C126AF-3EA6-4766-BBBA-832F69B04982}.Debug|ARM.Build.0 = Debug|Any CPU
		{A7C126AF-3EA6-4766-BBBA-832F69B04982}.Debug|x64.ActiveCfg = Debug|Any CPU
		{A7C126AF-3EA6-4766-BBBA-832F69B04982}.Debug|x64.Build.0 = Debug|Any CPU
		{A7C126AF-3EA6-4766-BBBA-832F69B04982}.Debug|x86.ActiveCfg = Debug|Any CPU
		{A7C126AF-3EA6-4766-BBBA-832F69B04982}.Debug|x86.Build.0 = Debug|Any CPU
		{A7C126AF-3EA6-4766-BBBA-832F69B04982}.Release|Any CPU.ActiveCfg = Release|Any CPU
		{A7C126AF-3EA6-4766-BBBA-832F69B04982}.Release|Any CPU.Build.0 = Release|Any CPU
		{A7C126AF-3EA6-4766-BBBA-832F69B04982}.Release|ARM.ActiveCfg = Release|Any CPU
		{A7C126AF-3EA6-4766-BBBA-832F69B04982}.Release|ARM.Build.0 = Release|Any CPU
		{A7C126AF-3EA6-4766-BBBA-832F69B04982}.Release|x64.ActiveCfg = Release|Any CPU
		{A7C126AF-3EA6-4766-BBBA-832F69B04982}.Release|x64.Build.0 = Release|Any CPU
		{A7C126AF-3EA6-4766-BBBA-832F69B04982}.Release|x86.ActiveCfg = Release|Any CPU
		{A7C126AF-3EA6-4766-BBBA-832F69B04982}.Release|x86.Build.0 = Release|Any CPU
		{8C221AFB-FBE1-4A6A-8626-C98B8960A54A}.Debug|Any CPU.ActiveCfg = Debug|Any CPU
		{8C221AFB-FBE1-4A6A-8626-C98B8960A54A}.Debug|Any CPU.Build.0 = Debug|Any CPU
		{8C221AFB-FBE1-4A6A-8626-C98B8960A54A}.Debug|ARM.ActiveCfg = Debug|Any CPU
		{8C221AFB-FBE1-4A6A-8626-C98B8960A54A}.Debug|ARM.Build.0 = Debug|Any CPU
		{8C221AFB-FBE1-4A6A-8626-C98B8960A54A}.Debug|x64.ActiveCfg = Debug|Any CPU
		{8C221AFB-FBE1-4A6A-8626-C98B8960A54A}.Debug|x64.Build.0 = Debug|Any CPU
		{8C221AFB-FBE1-4A6A-8626-C98B8960A54A}.Debug|x86.ActiveCfg = Debug|Any CPU
		{8C221AFB-FBE1-4A6A-8626-C98B8960A54A}.Debug|x86.Build.0 = Debug|Any CPU
		{8C221AFB-FBE1-4A6A-8626-C98B8960A54A}.Release|Any CPU.ActiveCfg = Release|Any CPU
		{8C221AFB-FBE1-4A6A-8626-C98B8960A54A}.Release|Any CPU.Build.0 = Release|Any CPU
		{8C221AFB-FBE1-4A6A-8626-C98B8960A54A}.Release|ARM.ActiveCfg = Release|Any CPU
		{8C221AFB-FBE1-4A6A-8626-C98B8960A54A}.Release|ARM.Build.0 = Release|Any CPU
		{8C221AFB-FBE1-4A6A-8626-C98B8960A54A}.Release|x64.ActiveCfg = Release|Any CPU
		{8C221AFB-FBE1-4A6A-8626-C98B8960A54A}.Release|x64.Build.0 = Release|Any CPU
		{8C221AFB-FBE1-4A6A-8626-C98B8960A54A}.Release|x86.ActiveCfg = Release|Any CPU
		{8C221AFB-FBE1-4A6A-8626-C98B8960A54A}.Release|x86.Build.0 = Release|Any CPU
		{F8A4404F-1B65-4517-885C-416AB6074596}.Debug|Any CPU.ActiveCfg = Debug|Any CPU
		{F8A4404F-1B65-4517-885C-416AB6074596}.Debug|Any CPU.Build.0 = Debug|Any CPU
		{F8A4404F-1B65-4517-885C-416AB6074596}.Debug|ARM.ActiveCfg = Debug|Any CPU
		{F8A4404F-1B65-4517-885C-416AB6074596}.Debug|ARM.Build.0 = Debug|Any CPU
		{F8A4404F-1B65-4517-885C-416AB6074596}.Debug|x64.ActiveCfg = Debug|Any CPU
		{F8A4404F-1B65-4517-885C-416AB6074596}.Debug|x64.Build.0 = Debug|Any CPU
		{F8A4404F-1B65-4517-885C-416AB6074596}.Debug|x86.ActiveCfg = Debug|Any CPU
		{F8A4404F-1B65-4517-885C-416AB6074596}.Debug|x86.Build.0 = Debug|Any CPU
		{F8A4404F-1B65-4517-885C-416AB6074596}.Release|Any CPU.ActiveCfg = Release|Any CPU
		{F8A4404F-1B65-4517-885C-416AB6074596}.Release|Any CPU.Build.0 = Release|Any CPU
		{F8A4404F-1B65-4517-885C-416AB6074596}.Release|ARM.ActiveCfg = Release|Any CPU
		{F8A4404F-1B65-4517-885C-416AB6074596}.Release|ARM.Build.0 = Release|Any CPU
		{F8A4404F-1B65-4517-885C-416AB6074596}.Release|x64.ActiveCfg = Release|Any CPU
		{F8A4404F-1B65-4517-885C-416AB6074596}.Release|x64.Build.0 = Release|Any CPU
		{F8A4404F-1B65-4517-885C-416AB6074596}.Release|x86.ActiveCfg = Release|Any CPU
		{F8A4404F-1B65-4517-885C-416AB6074596}.Release|x86.Build.0 = Release|Any CPU
		{DB9B3D0E-03E3-4757-912D-6687B9399C6A}.Debug|Any CPU.ActiveCfg = Debug|Any CPU
		{DB9B3D0E-03E3-4757-912D-6687B9399C6A}.Debug|Any CPU.Build.0 = Debug|Any CPU
		{DB9B3D0E-03E3-4757-912D-6687B9399C6A}.Debug|ARM.ActiveCfg = Debug|Any CPU
		{DB9B3D0E-03E3-4757-912D-6687B9399C6A}.Debug|ARM.Build.0 = Debug|Any CPU
		{DB9B3D0E-03E3-4757-912D-6687B9399C6A}.Debug|x64.ActiveCfg = Debug|Any CPU
		{DB9B3D0E-03E3-4757-912D-6687B9399C6A}.Debug|x64.Build.0 = Debug|Any CPU
		{DB9B3D0E-03E3-4757-912D-6687B9399C6A}.Debug|x86.ActiveCfg = Debug|Any CPU
		{DB9B3D0E-03E3-4757-912D-6687B9399C6A}.Debug|x86.Build.0 = Debug|Any CPU
		{DB9B3D0E-03E3-4757-912D-6687B9399C6A}.Release|Any CPU.ActiveCfg = Release|Any CPU
		{DB9B3D0E-03E3-4757-912D-6687B9399C6A}.Release|Any CPU.Build.0 = Release|Any CPU
		{DB9B3D0E-03E3-4757-912D-6687B9399C6A}.Release|ARM.ActiveCfg = Release|Any CPU
		{DB9B3D0E-03E3-4757-912D-6687B9399C6A}.Release|ARM.Build.0 = Release|Any CPU
		{DB9B3D0E-03E3-4757-912D-6687B9399C6A}.Release|x64.ActiveCfg = Release|Any CPU
		{DB9B3D0E-03E3-4757-912D-6687B9399C6A}.Release|x64.Build.0 = Release|Any CPU
		{DB9B3D0E-03E3-4757-912D-6687B9399C6A}.Release|x86.ActiveCfg = Release|Any CPU
		{DB9B3D0E-03E3-4757-912D-6687B9399C6A}.Release|x86.Build.0 = Release|Any CPU
		{67E0B030-F54A-4355-97B3-34464FB55E9F}.Debug|Any CPU.ActiveCfg = Debug|Any CPU
		{67E0B030-F54A-4355-97B3-34464FB55E9F}.Debug|Any CPU.Build.0 = Debug|Any CPU
		{67E0B030-F54A-4355-97B3-34464FB55E9F}.Debug|ARM.ActiveCfg = Debug|Any CPU
		{67E0B030-F54A-4355-97B3-34464FB55E9F}.Debug|ARM.Build.0 = Debug|Any CPU
		{67E0B030-F54A-4355-97B3-34464FB55E9F}.Debug|x64.ActiveCfg = Debug|Any CPU
		{67E0B030-F54A-4355-97B3-34464FB55E9F}.Debug|x64.Build.0 = Debug|Any CPU
		{67E0B030-F54A-4355-97B3-34464FB55E9F}.Debug|x86.ActiveCfg = Debug|Any CPU
		{67E0B030-F54A-4355-97B3-34464FB55E9F}.Debug|x86.Build.0 = Debug|Any CPU
		{67E0B030-F54A-4355-97B3-34464FB55E9F}.Release|Any CPU.ActiveCfg = Release|Any CPU
		{67E0B030-F54A-4355-97B3-34464FB55E9F}.Release|Any CPU.Build.0 = Release|Any CPU
		{67E0B030-F54A-4355-97B3-34464FB55E9F}.Release|ARM.ActiveCfg = Release|Any CPU
		{67E0B030-F54A-4355-97B3-34464FB55E9F}.Release|ARM.Build.0 = Release|Any CPU
		{67E0B030-F54A-4355-97B3-34464FB55E9F}.Release|x64.ActiveCfg = Release|Any CPU
		{67E0B030-F54A-4355-97B3-34464FB55E9F}.Release|x64.Build.0 = Release|Any CPU
		{67E0B030-F54A-4355-97B3-34464FB55E9F}.Release|x86.ActiveCfg = Release|Any CPU
		{67E0B030-F54A-4355-97B3-34464FB55E9F}.Release|x86.Build.0 = Release|Any CPU
		{B58FE275-CD33-41BE-8BC2-A09BB97E03CC}.Debug|Any CPU.ActiveCfg = Debug|Any CPU
		{B58FE275-CD33-41BE-8BC2-A09BB97E03CC}.Debug|Any CPU.Build.0 = Debug|Any CPU
		{B58FE275-CD33-41BE-8BC2-A09BB97E03CC}.Debug|ARM.ActiveCfg = Debug|Any CPU
		{B58FE275-CD33-41BE-8BC2-A09BB97E03CC}.Debug|ARM.Build.0 = Debug|Any CPU
		{B58FE275-CD33-41BE-8BC2-A09BB97E03CC}.Debug|x64.ActiveCfg = Debug|Any CPU
		{B58FE275-CD33-41BE-8BC2-A09BB97E03CC}.Debug|x64.Build.0 = Debug|Any CPU
		{B58FE275-CD33-41BE-8BC2-A09BB97E03CC}.Debug|x86.ActiveCfg = Debug|Any CPU
		{B58FE275-CD33-41BE-8BC2-A09BB97E03CC}.Debug|x86.Build.0 = Debug|Any CPU
		{B58FE275-CD33-41BE-8BC2-A09BB97E03CC}.Release|Any CPU.ActiveCfg = Release|Any CPU
		{B58FE275-CD33-41BE-8BC2-A09BB97E03CC}.Release|Any CPU.Build.0 = Release|Any CPU
		{B58FE275-CD33-41BE-8BC2-A09BB97E03CC}.Release|ARM.ActiveCfg = Release|Any CPU
		{B58FE275-CD33-41BE-8BC2-A09BB97E03CC}.Release|ARM.Build.0 = Release|Any CPU
		{B58FE275-CD33-41BE-8BC2-A09BB97E03CC}.Release|x64.ActiveCfg = Release|Any CPU
		{B58FE275-CD33-41BE-8BC2-A09BB97E03CC}.Release|x64.Build.0 = Release|Any CPU
		{B58FE275-CD33-41BE-8BC2-A09BB97E03CC}.Release|x86.ActiveCfg = Release|Any CPU
		{B58FE275-CD33-41BE-8BC2-A09BB97E03CC}.Release|x86.Build.0 = Release|Any CPU
		{A0981491-3AD4-44F3-A371-400E82366B46}.Debug|Any CPU.ActiveCfg = Debug|Any CPU
		{A0981491-3AD4-44F3-A371-400E82366B46}.Debug|Any CPU.Build.0 = Debug|Any CPU
		{A0981491-3AD4-44F3-A371-400E82366B46}.Debug|ARM.ActiveCfg = Debug|Any CPU
		{A0981491-3AD4-44F3-A371-400E82366B46}.Debug|ARM.Build.0 = Debug|Any CPU
		{A0981491-3AD4-44F3-A371-400E82366B46}.Debug|x64.ActiveCfg = Debug|Any CPU
		{A0981491-3AD4-44F3-A371-400E82366B46}.Debug|x64.Build.0 = Debug|Any CPU
		{A0981491-3AD4-44F3-A371-400E82366B46}.Debug|x86.ActiveCfg = Debug|Any CPU
		{A0981491-3AD4-44F3-A371-400E82366B46}.Debug|x86.Build.0 = Debug|Any CPU
		{A0981491-3AD4-44F3-A371-400E82366B46}.Release|Any CPU.ActiveCfg = Release|Any CPU
		{A0981491-3AD4-44F3-A371-400E82366B46}.Release|Any CPU.Build.0 = Release|Any CPU
		{A0981491-3AD4-44F3-A371-400E82366B46}.Release|ARM.ActiveCfg = Release|Any CPU
		{A0981491-3AD4-44F3-A371-400E82366B46}.Release|ARM.Build.0 = Release|Any CPU
		{A0981491-3AD4-44F3-A371-400E82366B46}.Release|x64.ActiveCfg = Release|Any CPU
		{A0981491-3AD4-44F3-A371-400E82366B46}.Release|x64.Build.0 = Release|Any CPU
		{A0981491-3AD4-44F3-A371-400E82366B46}.Release|x86.ActiveCfg = Release|Any CPU
		{A0981491-3AD4-44F3-A371-400E82366B46}.Release|x86.Build.0 = Release|Any CPU
		{6985312A-B116-4461-BA62-10CFBB440731}.Debug|Any CPU.ActiveCfg = Debug|Any CPU
		{6985312A-B116-4461-BA62-10CFBB440731}.Debug|Any CPU.Build.0 = Debug|Any CPU
		{6985312A-B116-4461-BA62-10CFBB440731}.Debug|ARM.ActiveCfg = Debug|Any CPU
		{6985312A-B116-4461-BA62-10CFBB440731}.Debug|ARM.Build.0 = Debug|Any CPU
		{6985312A-B116-4461-BA62-10CFBB440731}.Debug|x64.ActiveCfg = Debug|Any CPU
		{6985312A-B116-4461-BA62-10CFBB440731}.Debug|x64.Build.0 = Debug|Any CPU
		{6985312A-B116-4461-BA62-10CFBB440731}.Debug|x86.ActiveCfg = Debug|Any CPU
		{6985312A-B116-4461-BA62-10CFBB440731}.Debug|x86.Build.0 = Debug|Any CPU
		{6985312A-B116-4461-BA62-10CFBB440731}.Release|Any CPU.ActiveCfg = Release|Any CPU
		{6985312A-B116-4461-BA62-10CFBB440731}.Release|Any CPU.Build.0 = Release|Any CPU
		{6985312A-B116-4461-BA62-10CFBB440731}.Release|ARM.ActiveCfg = Release|Any CPU
		{6985312A-B116-4461-BA62-10CFBB440731}.Release|ARM.Build.0 = Release|Any CPU
		{6985312A-B116-4461-BA62-10CFBB440731}.Release|x64.ActiveCfg = Release|Any CPU
		{6985312A-B116-4461-BA62-10CFBB440731}.Release|x64.Build.0 = Release|Any CPU
		{6985312A-B116-4461-BA62-10CFBB440731}.Release|x86.ActiveCfg = Release|Any CPU
		{6985312A-B116-4461-BA62-10CFBB440731}.Release|x86.Build.0 = Release|Any CPU
		{D9565DB0-A4E6-449B-A5A7-31D01E7CB34C}.Debug|Any CPU.ActiveCfg = Debug|Any CPU
		{D9565DB0-A4E6-449B-A5A7-31D01E7CB34C}.Debug|Any CPU.Build.0 = Debug|Any CPU
		{D9565DB0-A4E6-449B-A5A7-31D01E7CB34C}.Debug|ARM.ActiveCfg = Debug|Any CPU
		{D9565DB0-A4E6-449B-A5A7-31D01E7CB34C}.Debug|ARM.Build.0 = Debug|Any CPU
		{D9565DB0-A4E6-449B-A5A7-31D01E7CB34C}.Debug|x64.ActiveCfg = Debug|Any CPU
		{D9565DB0-A4E6-449B-A5A7-31D01E7CB34C}.Debug|x64.Build.0 = Debug|Any CPU
		{D9565DB0-A4E6-449B-A5A7-31D01E7CB34C}.Debug|x86.ActiveCfg = Debug|Any CPU
		{D9565DB0-A4E6-449B-A5A7-31D01E7CB34C}.Debug|x86.Build.0 = Debug|Any CPU
		{D9565DB0-A4E6-449B-A5A7-31D01E7CB34C}.Release|Any CPU.ActiveCfg = Release|Any CPU
		{D9565DB0-A4E6-449B-A5A7-31D01E7CB34C}.Release|Any CPU.Build.0 = Release|Any CPU
		{D9565DB0-A4E6-449B-A5A7-31D01E7CB34C}.Release|ARM.ActiveCfg = Release|Any CPU
		{D9565DB0-A4E6-449B-A5A7-31D01E7CB34C}.Release|ARM.Build.0 = Release|Any CPU
		{D9565DB0-A4E6-449B-A5A7-31D01E7CB34C}.Release|x64.ActiveCfg = Release|Any CPU
		{D9565DB0-A4E6-449B-A5A7-31D01E7CB34C}.Release|x64.Build.0 = Release|Any CPU
		{D9565DB0-A4E6-449B-A5A7-31D01E7CB34C}.Release|x86.ActiveCfg = Release|Any CPU
		{D9565DB0-A4E6-449B-A5A7-31D01E7CB34C}.Release|x86.Build.0 = Release|Any CPU
		{D6EADDBF-54C9-446E-9E4C-22BADE6D74A2}.Debug|Any CPU.ActiveCfg = Debug|Any CPU
		{D6EADDBF-54C9-446E-9E4C-22BADE6D74A2}.Debug|Any CPU.Build.0 = Debug|Any CPU
		{D6EADDBF-54C9-446E-9E4C-22BADE6D74A2}.Debug|ARM.ActiveCfg = Debug|Any CPU
		{D6EADDBF-54C9-446E-9E4C-22BADE6D74A2}.Debug|ARM.Build.0 = Debug|Any CPU
		{D6EADDBF-54C9-446E-9E4C-22BADE6D74A2}.Debug|x64.ActiveCfg = Debug|Any CPU
		{D6EADDBF-54C9-446E-9E4C-22BADE6D74A2}.Debug|x64.Build.0 = Debug|Any CPU
		{D6EADDBF-54C9-446E-9E4C-22BADE6D74A2}.Debug|x86.ActiveCfg = Debug|Any CPU
		{D6EADDBF-54C9-446E-9E4C-22BADE6D74A2}.Debug|x86.Build.0 = Debug|Any CPU
		{D6EADDBF-54C9-446E-9E4C-22BADE6D74A2}.Release|Any CPU.ActiveCfg = Release|Any CPU
		{D6EADDBF-54C9-446E-9E4C-22BADE6D74A2}.Release|Any CPU.Build.0 = Release|Any CPU
		{D6EADDBF-54C9-446E-9E4C-22BADE6D74A2}.Release|ARM.ActiveCfg = Release|Any CPU
		{D6EADDBF-54C9-446E-9E4C-22BADE6D74A2}.Release|ARM.Build.0 = Release|Any CPU
		{D6EADDBF-54C9-446E-9E4C-22BADE6D74A2}.Release|x64.ActiveCfg = Release|Any CPU
		{D6EADDBF-54C9-446E-9E4C-22BADE6D74A2}.Release|x64.Build.0 = Release|Any CPU
		{D6EADDBF-54C9-446E-9E4C-22BADE6D74A2}.Release|x86.ActiveCfg = Release|Any CPU
		{D6EADDBF-54C9-446E-9E4C-22BADE6D74A2}.Release|x86.Build.0 = Release|Any CPU
		{11FD1D45-8920-4E99-A2F3-DE059F2BB017}.Debug|Any CPU.ActiveCfg = Debug|Any CPU
		{11FD1D45-8920-4E99-A2F3-DE059F2BB017}.Debug|Any CPU.Build.0 = Debug|Any CPU
		{11FD1D45-8920-4E99-A2F3-DE059F2BB017}.Debug|ARM.ActiveCfg = Debug|Any CPU
		{11FD1D45-8920-4E99-A2F3-DE059F2BB017}.Debug|ARM.Build.0 = Debug|Any CPU
		{11FD1D45-8920-4E99-A2F3-DE059F2BB017}.Debug|x64.ActiveCfg = Debug|Any CPU
		{11FD1D45-8920-4E99-A2F3-DE059F2BB017}.Debug|x64.Build.0 = Debug|Any CPU
		{11FD1D45-8920-4E99-A2F3-DE059F2BB017}.Debug|x86.ActiveCfg = Debug|Any CPU
		{11FD1D45-8920-4E99-A2F3-DE059F2BB017}.Debug|x86.Build.0 = Debug|Any CPU
		{11FD1D45-8920-4E99-A2F3-DE059F2BB017}.Release|Any CPU.ActiveCfg = Release|Any CPU
		{11FD1D45-8920-4E99-A2F3-DE059F2BB017}.Release|Any CPU.Build.0 = Release|Any CPU
		{11FD1D45-8920-4E99-A2F3-DE059F2BB017}.Release|ARM.ActiveCfg = Release|Any CPU
		{11FD1D45-8920-4E99-A2F3-DE059F2BB017}.Release|ARM.Build.0 = Release|Any CPU
		{11FD1D45-8920-4E99-A2F3-DE059F2BB017}.Release|x64.ActiveCfg = Release|Any CPU
		{11FD1D45-8920-4E99-A2F3-DE059F2BB017}.Release|x64.Build.0 = Release|Any CPU
		{11FD1D45-8920-4E99-A2F3-DE059F2BB017}.Release|x86.ActiveCfg = Release|Any CPU
		{11FD1D45-8920-4E99-A2F3-DE059F2BB017}.Release|x86.Build.0 = Release|Any CPU
		{DE48C2D8-FBAC-479A-BF61-89343E7033EA}.Debug|Any CPU.ActiveCfg = Debug|Any CPU
		{DE48C2D8-FBAC-479A-BF61-89343E7033EA}.Debug|Any CPU.Build.0 = Debug|Any CPU
		{DE48C2D8-FBAC-479A-BF61-89343E7033EA}.Debug|ARM.ActiveCfg = Debug|Any CPU
		{DE48C2D8-FBAC-479A-BF61-89343E7033EA}.Debug|ARM.Build.0 = Debug|Any CPU
		{DE48C2D8-FBAC-479A-BF61-89343E7033EA}.Debug|x64.ActiveCfg = Debug|Any CPU
		{DE48C2D8-FBAC-479A-BF61-89343E7033EA}.Debug|x64.Build.0 = Debug|Any CPU
		{DE48C2D8-FBAC-479A-BF61-89343E7033EA}.Debug|x86.ActiveCfg = Debug|Any CPU
		{DE48C2D8-FBAC-479A-BF61-89343E7033EA}.Debug|x86.Build.0 = Debug|Any CPU
		{DE48C2D8-FBAC-479A-BF61-89343E7033EA}.Release|Any CPU.ActiveCfg = Release|Any CPU
		{DE48C2D8-FBAC-479A-BF61-89343E7033EA}.Release|Any CPU.Build.0 = Release|Any CPU
		{DE48C2D8-FBAC-479A-BF61-89343E7033EA}.Release|ARM.ActiveCfg = Release|Any CPU
		{DE48C2D8-FBAC-479A-BF61-89343E7033EA}.Release|ARM.Build.0 = Release|Any CPU
		{DE48C2D8-FBAC-479A-BF61-89343E7033EA}.Release|x64.ActiveCfg = Release|Any CPU
		{DE48C2D8-FBAC-479A-BF61-89343E7033EA}.Release|x64.Build.0 = Release|Any CPU
		{DE48C2D8-FBAC-479A-BF61-89343E7033EA}.Release|x86.ActiveCfg = Release|Any CPU
		{DE48C2D8-FBAC-479A-BF61-89343E7033EA}.Release|x86.Build.0 = Release|Any CPU
	EndGlobalSection
	GlobalSection(SolutionProperties) = preSolution
		HideSolutionNode = FALSE
	EndGlobalSection
	GlobalSection(ExtensibilityGlobals) = postSolution
		SolutionGuid = {4940F4EB-4773-468B-9FEA-026ABC3774AC}
	EndGlobalSection
EndGlobal
