
Microsoft Visual Studio Solution File, Format Version 12.00
# Visual Studio 15
VisualStudioVersion = 15.0.27004.2005
MinimumVisualStudioVersion = 10.0.40219.1
Project("{FAE04EC0-301F-11D3-BF4B-00C04F79EFBC}") = "Espectograf", "Espectograf\Espectograf.csproj", "{B1966956-CCDF-4FE0-B175-F7AA1DE81F1B}"
EndProject
Project("{7CF6DF6D-3B04-46F8-A40B-537D21BCA0B4}") = "Documentacio", "Documentacio\Documentacio.shfbproj", "{487D06E2-71F0-465F-9118-EEDB77A28B3B}"
EndProject
Global
	GlobalSection(SolutionConfigurationPlatforms) = preSolution
		Debug|Any CPU = Debug|Any CPU
		Release|Any CPU = Release|Any CPU
	EndGlobalSection
	GlobalSection(ProjectConfigurationPlatforms) = postSolution
		{B1966956-CCDF-4FE0-B175-F7AA1DE81F1B}.Debug|Any CPU.ActiveCfg = Debug|Any CPU
		{B1966956-CCDF-4FE0-B175-F7AA1DE81F1B}.Debug|Any CPU.Build.0 = Debug|Any CPU
		{B1966956-CCDF-4FE0-B175-F7AA1DE81F1B}.Release|Any CPU.ActiveCfg = Release|Any CPU
		{B1966956-CCDF-4FE0-B175-F7AA1DE81F1B}.Release|Any CPU.Build.0 = Release|Any CPU
		{487D06E2-71F0-465F-9118-EEDB77A28B3B}.Debug|Any CPU.ActiveCfg = Debug|Any CPU
		{487D06E2-71F0-465F-9118-EEDB77A28B3B}.Debug|Any CPU.Build.0 = Debug|Any CPU
		{487D06E2-71F0-465F-9118-EEDB77A28B3B}.Release|Any CPU.ActiveCfg = Release|Any CPU
		{487D06E2-71F0-465F-9118-EEDB77A28B3B}.Release|Any CPU.Build.0 = Release|Any CPU
	EndGlobalSection
	GlobalSection(SolutionProperties) = preSolution
		HideSolutionNode = FALSE
	EndGlobalSection
	GlobalSection(ExtensibilityGlobals) = postSolution
		SolutionGuid = {A56642EC-8DC2-4204-95A2-A2A6F3DCEF47}
	EndGlobalSection
EndGlobal
