
Microsoft Visual Studio Solution File, Format Version 12.00
# Visual Studio 15
VisualStudioVersion = 15.0.27004.2009
MinimumVisualStudioVersion = 10.0.40219.1
Project("{FAE04EC0-301F-11D3-BF4B-00C04F79EFBC}") = "TestUDP", "TestUDP\TestUDP.csproj", "{7A608001-62C9-45D6-A455-DF1A13ECB9B5}"
EndProject
Global
	GlobalSection(SolutionConfigurationPlatforms) = preSolution
		Debug|Any CPU = Debug|Any CPU
		Release|Any CPU = Release|Any CPU
	EndGlobalSection
	GlobalSection(ProjectConfigurationPlatforms) = postSolution
		{7A608001-62C9-45D6-A455-DF1A13ECB9B5}.Debug|Any CPU.ActiveCfg = Debug|Any CPU
		{7A608001-62C9-45D6-A455-DF1A13ECB9B5}.Debug|Any CPU.Build.0 = Debug|Any CPU
		{7A608001-62C9-45D6-A455-DF1A13ECB9B5}.Release|Any CPU.ActiveCfg = Release|Any CPU
		{7A608001-62C9-45D6-A455-DF1A13ECB9B5}.Release|Any CPU.Build.0 = Release|Any CPU
	EndGlobalSection
	GlobalSection(SolutionProperties) = preSolution
		HideSolutionNode = FALSE
	EndGlobalSection
	GlobalSection(ExtensibilityGlobals) = postSolution
		SolutionGuid = {2B64D794-B579-4A05-9FE1-47E5DE6F2E97}
	EndGlobalSection
EndGlobal
